
Microsoft Visual Studio Solution File, Format Version 12.00
# Visual Studio Version 16
VisualStudioVersion = 16.0.30114.105
MinimumVisualStudioVersion = 10.0.40219.1
Project("{FAE04EC0-301F-11D3-BF4B-00C04F79EFBC}") = "API", "API\API.csproj", "{CEF50A01-E00E-4D1B-BA33-0C144ABDDCB3}"
EndProject
Project("{FAE04EC0-301F-11D3-BF4B-00C04F79EFBC}") = "Application", "Application\Application.csproj", "{2003112E-3098-4080-BE0E-39A0CFA2C4FE}"
EndProject
Project("{FAE04EC0-301F-11D3-BF4B-00C04F79EFBC}") = "Persistence", "Persistence\Persistence.csproj", "{27CC65E0-7D35-45EC-A3A5-C357439A511D}"
EndProject
Project("{FAE04EC0-301F-11D3-BF4B-00C04F79EFBC}") = "Domain", "Domain\Domain.csproj", "{20CF9C27-52CD-4503-AD61-0FBAD691095A}"
EndProject
Global
	GlobalSection(SolutionConfigurationPlatforms) = preSolution
		Debug|Any CPU = Debug|Any CPU
		Debug|x64 = Debug|x64
		Debug|x86 = Debug|x86
		Release|Any CPU = Release|Any CPU
		Release|x64 = Release|x64
		Release|x86 = Release|x86
	EndGlobalSection
	GlobalSection(SolutionProperties) = preSolution
		HideSolutionNode = FALSE
	EndGlobalSection
	GlobalSection(ProjectConfigurationPlatforms) = postSolution
		{CEF50A01-E00E-4D1B-BA33-0C144ABDDCB3}.Debug|Any CPU.ActiveCfg = Debug|Any CPU
		{CEF50A01-E00E-4D1B-BA33-0C144ABDDCB3}.Debug|Any CPU.Build.0 = Debug|Any CPU
		{CEF50A01-E00E-4D1B-BA33-0C144ABDDCB3}.Debug|x64.ActiveCfg = Debug|Any CPU
		{CEF50A01-E00E-4D1B-BA33-0C144ABDDCB3}.Debug|x64.Build.0 = Debug|Any CPU
		{CEF50A01-E00E-4D1B-BA33-0C144ABDDCB3}.Debug|x86.ActiveCfg = Debug|Any CPU
		{CEF50A01-E00E-4D1B-BA33-0C144ABDDCB3}.Debug|x86.Build.0 = Debug|Any CPU
		{CEF50A01-E00E-4D1B-BA33-0C144ABDDCB3}.Release|Any CPU.ActiveCfg = Release|Any CPU
		{CEF50A01-E00E-4D1B-BA33-0C144ABDDCB3}.Release|Any CPU.Build.0 = Release|Any CPU
		{CEF50A01-E00E-4D1B-BA33-0C144ABDDCB3}.Release|x64.ActiveCfg = Release|Any CPU
		{CEF50A01-E00E-4D1B-BA33-0C144ABDDCB3}.Release|x64.Build.0 = Release|Any CPU
		{CEF50A01-E00E-4D1B-BA33-0C144ABDDCB3}.Release|x86.ActiveCfg = Release|Any CPU
		{CEF50A01-E00E-4D1B-BA33-0C144ABDDCB3}.Release|x86.Build.0 = Release|Any CPU
		{2003112E-3098-4080-BE0E-39A0CFA2C4FE}.Debug|Any CPU.ActiveCfg = Debug|Any CPU
		{2003112E-3098-4080-BE0E-39A0CFA2C4FE}.Debug|Any CPU.Build.0 = Debug|Any CPU
		{2003112E-3098-4080-BE0E-39A0CFA2C4FE}.Debug|x64.ActiveCfg = Debug|Any CPU
		{2003112E-3098-4080-BE0E-39A0CFA2C4FE}.Debug|x64.Build.0 = Debug|Any CPU
		{2003112E-3098-4080-BE0E-39A0CFA2C4FE}.Debug|x86.ActiveCfg = Debug|Any CPU
		{2003112E-3098-4080-BE0E-39A0CFA2C4FE}.Debug|x86.Build.0 = Debug|Any CPU
		{2003112E-3098-4080-BE0E-39A0CFA2C4FE}.Release|Any CPU.ActiveCfg = Release|Any CPU
		{2003112E-3098-4080-BE0E-39A0CFA2C4FE}.Release|Any CPU.Build.0 = Release|Any CPU
		{2003112E-3098-4080-BE0E-39A0CFA2C4FE}.Release|x64.ActiveCfg = Release|Any CPU
		{2003112E-3098-4080-BE0E-39A0CFA2C4FE}.Release|x64.Build.0 = Release|Any CPU
		{2003112E-3098-4080-BE0E-39A0CFA2C4FE}.Release|x86.ActiveCfg = Release|Any CPU
		{2003112E-3098-4080-BE0E-39A0CFA2C4FE}.Release|x86.Build.0 = Release|Any CPU
		{27CC65E0-7D35-45EC-A3A5-C357439A511D}.Debug|Any CPU.ActiveCfg = Debug|Any CPU
		{27CC65E0-7D35-45EC-A3A5-C357439A511D}.Debug|Any CPU.Build.0 = Debug|Any CPU
		{27CC65E0-7D35-45EC-A3A5-C357439A511D}.Debug|x64.ActiveCfg = Debug|Any CPU
		{27CC65E0-7D35-45EC-A3A5-C357439A511D}.Debug|x64.Build.0 = Debug|Any CPU
		{27CC65E0-7D35-45EC-A3A5-C357439A511D}.Debug|x86.ActiveCfg = Debug|Any CPU
		{27CC65E0-7D35-45EC-A3A5-C357439A511D}.Debug|x86.Build.0 = Debug|Any CPU
		{27CC65E0-7D35-45EC-A3A5-C357439A511D}.Release|Any CPU.ActiveCfg = Release|Any CPU
		{27CC65E0-7D35-45EC-A3A5-C357439A511D}.Release|Any CPU.Build.0 = Release|Any CPU
		{27CC65E0-7D35-45EC-A3A5-C357439A511D}.Release|x64.ActiveCfg = Release|Any CPU
		{27CC65E0-7D35-45EC-A3A5-C357439A511D}.Release|x64.Build.0 = Release|Any CPU
		{27CC65E0-7D35-45EC-A3A5-C357439A511D}.Release|x86.ActiveCfg = Release|Any CPU
		{27CC65E0-7D35-45EC-A3A5-C357439A511D}.Release|x86.Build.0 = Release|Any CPU
		{20CF9C27-52CD-4503-AD61-0FBAD691095A}.Debug|Any CPU.ActiveCfg = Debug|Any CPU
		{20CF9C27-52CD-4503-AD61-0FBAD691095A}.Debug|Any CPU.Build.0 = Debug|Any CPU
		{20CF9C27-52CD-4503-AD61-0FBAD691095A}.Debug|x64.ActiveCfg = Debug|Any CPU
		{20CF9C27-52CD-4503-AD61-0FBAD691095A}.Debug|x64.Build.0 = Debug|Any CPU
		{20CF9C27-52CD-4503-AD61-0FBAD691095A}.Debug|x86.ActiveCfg = Debug|Any CPU
		{20CF9C27-52CD-4503-AD61-0FBAD691095A}.Debug|x86.Build.0 = Debug|Any CPU
		{20CF9C27-52CD-4503-AD61-0FBAD691095A}.Release|Any CPU.ActiveCfg = Release|Any CPU
		{20CF9C27-52CD-4503-AD61-0FBAD691095A}.Release|Any CPU.Build.0 = Release|Any CPU
		{20CF9C27-52CD-4503-AD61-0FBAD691095A}.Release|x64.ActiveCfg = Release|Any CPU
		{20CF9C27-52CD-4503-AD61-0FBAD691095A}.Release|x64.Build.0 = Release|Any CPU
		{20CF9C27-52CD-4503-AD61-0FBAD691095A}.Release|x86.ActiveCfg = Release|Any CPU
		{20CF9C27-52CD-4503-AD61-0FBAD691095A}.Release|x86.Build.0 = Release|Any CPU
	EndGlobalSection
EndGlobal
